{
  "factory": "jebbdykstra99/subx-factory",
  "version": "v1.0.0",
  "room": "recruitchat",
  "siteId": "recruitchat",
  "files": {
    "factory.js": "7466eefc88f4103dcc159bcea5a788d35dc4b1402ffba14b270f3ede99b610d0",
    "styles.css": "3f3ae52c49399218f6822e390965895b63cf19126408ef027ad84efa87aa7022"
  },
  "keepFiles": [],
  "exceptions": "see subx-factory EXCEPTIONS.md",
  "stampedAt": "2026-10-09T03:49:24Z"
}
